
Microsoft Visual Studio Solution File, Format Version 12.00
# Visual Studio 15
VisualStudioVersion = 15.0.28307.168
MinimumVisualStudioVersion = 10.0.40219.1
Project("{2150E333-8FDC-42A3-9474-1A3956D46DE8}") = "Observer", "Observer", "{A3966C50-A4D7-4A5E-87DC-E945ABA5E2C1}"
EndProject
Project("{2150E333-8FDC-42A3-9474-1A3956D46DE8}") = "Proxy", "Proxy", "{76699626-65F5-4D99-8A32-244DD8CD93FC}"
EndProject
Project("{2150E333-8FDC-42A3-9474-1A3956D46DE8}") = "Iterator", "Iterator", "{021C27D4-9135-4C3D-9E0E-DEDB23B91CE2}"
EndProject
Project("{9A19103F-16F7-4668-BE54-9A1E7A4F7556}") = "Observer.Stock", "StockObserver\Observer.Stock.csproj", "{54A54978-8002-4746-9F29-501A49D7B831}"
EndProject
Project("{9A19103F-16F7-4668-BE54-9A1E7A4F7556}") = "Observer.GenericImplementation", "Observer.GenericImplementation\Observer.GenericImplementation.csproj", "{5BC83959-3FCD-402C-91A6-BA5034450A52}"
EndProject
Project("{9A19103F-16F7-4668-BE54-9A1E7A4F7556}") = "Proxy.GenericImplementation", "Proxy.GenericImplementation\Proxy.GenericImplementation.csproj", "{F9FFF514-3BB3-4B42-AAE8-7BA9CF52181B}"
EndProject
Project("{9A19103F-16F7-4668-BE54-9A1E7A4F7556}") = "Proxy.CreditCard", "Proxy.CreditCard\Proxy.CreditCard.csproj", "{6FDEE808-EDA8-4CC2-8418-EA59FAFF9515}"
EndProject
Project("{9A19103F-16F7-4668-BE54-9A1E7A4F7556}") = "Iterator.GenericImplementation", "Iterator.GenericImplementation\Iterator.GenericImplementation.csproj", "{447D1642-53A9-4EEC-B8E5-B7B8ED4EC6A8}"
EndProject
Project("{2150E333-8FDC-42A3-9474-1A3956D46DE8}") = "Chain of Responsibility", "Chain of Responsibility", "{B6DD5CFA-FFC8-4A8D-BE0E-58E767737F28}"
EndProject
Project("{9A19103F-16F7-4668-BE54-9A1E7A4F7556}") = "ChainOfResponsibility.GenericImplementation", "ChainOfResponsibility.GenericImplementation\ChainOfResponsibility.GenericImplementation.csproj", "{12050497-8104-4C8B-A166-20206F7ABE18}"
EndProject
Project("{9A19103F-16F7-4668-BE54-9A1E7A4F7556}") = "ChainOfResponsibility.HandlingExceptions", "ChainOfResponsibility.HandlingExceptions\ChainOfResponsibility.HandlingExceptions.csproj", "{A685F6A3-C6F2-4CA8-83D7-8604F2B36590}"
EndProject
Project("{2150E333-8FDC-42A3-9474-1A3956D46DE8}") = "Facade", "Facade", "{6700A7C1-117E-4A0C-A773-C6B705978B91}"
EndProject
Project("{9A19103F-16F7-4668-BE54-9A1E7A4F7556}") = "Facade.GenericImplementation", "Facade.GenericImplementation\Facade.GenericImplementation.csproj", "{8F5E41CE-9590-4483-BEFE-3292DA7877C0}"
EndProject
Project("{9A19103F-16F7-4668-BE54-9A1E7A4F7556}") = "Facade.Restaurant", "Facade.Restaurant\Facade.Restaurant.csproj", "{43005FAA-5467-408B-9D0B-BB578BB63771}"
EndProject
Project("{2150E333-8FDC-42A3-9474-1A3956D46DE8}") = "Factory Method", "Factory Method", "{87B1EDF6-8FEB-4B3B-9D00-3C17C5F073C9}"
EndProject
Project("{9A19103F-16F7-4668-BE54-9A1E7A4F7556}") = "FactoryMethod.GenericImplementation", "FactoryMethod.GenericImplementation\FactoryMethod.GenericImplementation.csproj", "{B197C26C-89D4-4925-93B8-DF1C1DE71F1F}"
EndProject
Project("{2150E333-8FDC-42A3-9474-1A3956D46DE8}") = "PeopleFactory", "PeopleFactory", "{F43F2039-07E6-43C1-B864-896D12EAA8E9}"
EndProject
Project("{FAE04EC0-301F-11D3-BF4B-00C04F79EFBC}") = "PersonRepository.CSV", "PersonRepository.CSV\PersonRepository.CSV.csproj", "{22D242EB-8113-49E3-8CC9-03A41E3B185E}"
EndProject
Project("{FAE04EC0-301F-11D3-BF4B-00C04F79EFBC}") = "PersonRepository.Interface", "PersonRepository.Interface\PersonRepository.Interface.csproj", "{07234EAC-B32F-4769-A4C5-83209A858829}"
EndProject
Project("{FAE04EC0-301F-11D3-BF4B-00C04F79EFBC}") = "PersonRepository.Service", "PersonRepository.Service\PersonRepository.Service.csproj", "{8EBA64E3-198D-4456-B9BF-D7EF9BD2CBCE}"
EndProject
Project("{FAE04EC0-301F-11D3-BF4B-00C04F79EFBC}") = "PersonRepository.SQL", "PersonRepository.SQL\PersonRepository.SQL.csproj", "{003702D8-E922-4539-80D4-15AAB22FF29D}"
EndProject
Project("{FAE04EC0-301F-11D3-BF4B-00C04F79EFBC}") = "FactoryMethod.Factory", "FactoryMethod.PeopleFactory\FactoryMethod.Factory.csproj", "{5F8C59BB-7BE2-4840-B52A-8B42B06958F3}"
EndProject
Project("{FAE04EC0-301F-11D3-BF4B-00C04F79EFBC}") = "Factory.PeopleViewer", "Factory.PeopleViewer\Factory.PeopleViewer.csproj", "{88ADF183-0FFE-4052-8CED-307BBC20E004}"
EndProject
Project("{2150E333-8FDC-42A3-9474-1A3956D46DE8}") = "Builder", "Builder", "{8E1CAA95-CB0E-4F41-B347-5BC5526CD584}"
EndProject
Project("{FAE04EC0-301F-11D3-BF4B-00C04F79EFBC}") = "Builder.HTMLBuilder", "Builder.HTMLBuilder\Builder.HTMLBuilder.csproj", "{44212162-EA16-40F4-B8F5-C3C32A03F636}"
EndProject
Project("{FAE04EC0-301F-11D3-BF4B-00C04F79EFBC}") = "Builder.FluentBuilder", "Builder.FluentBuilder\Builder.FluentBuilder.csproj", "{AABB87DB-007F-4B3D-AEEC-E41E6F16F620}"
EndProject
Project("{2150E333-8FDC-42A3-9474-1A3956D46DE8}") = "Adapter", "Adapter", "{0CB9DA22-E025-4980-957E-43859996B6EA}"
EndProject
Project("{FAE04EC0-301F-11D3-BF4B-00C04F79EFBC}") = "Adapter.Points", "Adapter.Points\Adapter.Points.csproj", "{DE4145CB-58B3-4D6C-B7EF-0FE9928E78E4}"
EndProject
Project("{FAE04EC0-301F-11D3-BF4B-00C04F79EFBC}") = "Adapter.Shape", "Adapter.Shape\Adapter.Shape.csproj", "{2E275B94-27DF-473D-A916-7F6D54CC06C6}"
EndProject
Global
	GlobalSection(SolutionConfigurationPlatforms) = preSolution
		Debug|Any CPU = Debug|Any CPU
		Release|Any CPU = Release|Any CPU
	EndGlobalSection
	GlobalSection(ProjectConfigurationPlatforms) = postSolution
		{54A54978-8002-4746-9F29-501A49D7B831}.Debug|Any CPU.ActiveCfg = Debug|Any CPU
		{54A54978-8002-4746-9F29-501A49D7B831}.Debug|Any CPU.Build.0 = Debug|Any CPU
		{54A54978-8002-4746-9F29-501A49D7B831}.Release|Any CPU.ActiveCfg = Release|Any CPU
		{54A54978-8002-4746-9F29-501A49D7B831}.Release|Any CPU.Build.0 = Release|Any CPU
		{5BC83959-3FCD-402C-91A6-BA5034450A52}.Debug|Any CPU.ActiveCfg = Debug|Any CPU
		{5BC83959-3FCD-402C-91A6-BA5034450A52}.Debug|Any CPU.Build.0 = Debug|Any CPU
		{5BC83959-3FCD-402C-91A6-BA5034450A52}.Release|Any CPU.ActiveCfg = Release|Any CPU
		{5BC83959-3FCD-402C-91A6-BA5034450A52}.Release|Any CPU.Build.0 = Release|Any CPU
		{F9FFF514-3BB3-4B42-AAE8-7BA9CF52181B}.Debug|Any CPU.ActiveCfg = Debug|Any CPU
		{F9FFF514-3BB3-4B42-AAE8-7BA9CF52181B}.Debug|Any CPU.Build.0 = Debug|Any CPU
		{F9FFF514-3BB3-4B42-AAE8-7BA9CF52181B}.Release|Any CPU.ActiveCfg = Release|Any CPU
		{F9FFF514-3BB3-4B42-AAE8-7BA9CF52181B}.Release|Any CPU.Build.0 = Release|Any CPU
		{6FDEE808-EDA8-4CC2-8418-EA59FAFF9515}.Debug|Any CPU.ActiveCfg = Debug|Any CPU
		{6FDEE808-EDA8-4CC2-8418-EA59FAFF9515}.Debug|Any CPU.Build.0 = Debug|Any CPU
		{6FDEE808-EDA8-4CC2-8418-EA59FAFF9515}.Release|Any CPU.ActiveCfg = Release|Any CPU
		{6FDEE808-EDA8-4CC2-8418-EA59FAFF9515}.Release|Any CPU.Build.0 = Release|Any CPU
		{447D1642-53A9-4EEC-B8E5-B7B8ED4EC6A8}.Debug|Any CPU.ActiveCfg = Debug|Any CPU
		{447D1642-53A9-4EEC-B8E5-B7B8ED4EC6A8}.Debug|Any CPU.Build.0 = Debug|Any CPU
		{447D1642-53A9-4EEC-B8E5-B7B8ED4EC6A8}.Release|Any CPU.ActiveCfg = Release|Any CPU
		{447D1642-53A9-4EEC-B8E5-B7B8ED4EC6A8}.Release|Any CPU.Build.0 = Release|Any CPU
		{12050497-8104-4C8B-A166-20206F7ABE18}.Debug|Any CPU.ActiveCfg = Debug|Any CPU
		{12050497-8104-4C8B-A166-20206F7ABE18}.Debug|Any CPU.Build.0 = Debug|Any CPU
		{12050497-8104-4C8B-A166-20206F7ABE18}.Release|Any CPU.ActiveCfg = Release|Any CPU
		{12050497-8104-4C8B-A166-20206F7ABE18}.Release|Any CPU.Build.0 = Release|Any CPU
		{A685F6A3-C6F2-4CA8-83D7-8604F2B36590}.Debug|Any CPU.ActiveCfg = Debug|Any CPU
		{A685F6A3-C6F2-4CA8-83D7-8604F2B36590}.Debug|Any CPU.Build.0 = Debug|Any CPU
		{A685F6A3-C6F2-4CA8-83D7-8604F2B36590}.Release|Any CPU.ActiveCfg = Release|Any CPU
		{A685F6A3-C6F2-4CA8-83D7-8604F2B36590}.Release|Any CPU.Build.0 = Release|Any CPU
		{8F5E41CE-9590-4483-BEFE-3292DA7877C0}.Debug|Any CPU.ActiveCfg = Debug|Any CPU
		{8F5E41CE-9590-4483-BEFE-3292DA7877C0}.Debug|Any CPU.Build.0 = Debug|Any CPU
		{8F5E41CE-9590-4483-BEFE-3292DA7877C0}.Release|Any CPU.ActiveCfg = Release|Any CPU
		{8F5E41CE-9590-4483-BEFE-3292DA7877C0}.Release|Any CPU.Build.0 = Release|Any CPU
		{43005FAA-5467-408B-9D0B-BB578BB63771}.Debug|Any CPU.ActiveCfg = Debug|Any CPU
		{43005FAA-5467-408B-9D0B-BB578BB63771}.Debug|Any CPU.Build.0 = Debug|Any CPU
		{43005FAA-5467-408B-9D0B-BB578BB63771}.Release|Any CPU.ActiveCfg = Release|Any CPU
		{43005FAA-5467-408B-9D0B-BB578BB63771}.Release|Any CPU.Build.0 = Release|Any CPU
		{B197C26C-89D4-4925-93B8-DF1C1DE71F1F}.Debug|Any CPU.ActiveCfg = Debug|Any CPU
		{B197C26C-89D4-4925-93B8-DF1C1DE71F1F}.Debug|Any CPU.Build.0 = Debug|Any CPU
		{B197C26C-89D4-4925-93B8-DF1C1DE71F1F}.Release|Any CPU.ActiveCfg = Release|Any CPU
		{B197C26C-89D4-4925-93B8-DF1C1DE71F1F}.Release|Any CPU.Build.0 = Release|Any CPU
		{22D242EB-8113-49E3-8CC9-03A41E3B185E}.Debug|Any CPU.ActiveCfg = Debug|Any CPU
		{22D242EB-8113-49E3-8CC9-03A41E3B185E}.Debug|Any CPU.Build.0 = Debug|Any CPU
		{22D242EB-8113-49E3-8CC9-03A41E3B185E}.Release|Any CPU.ActiveCfg = Release|Any CPU
		{22D242EB-8113-49E3-8CC9-03A41E3B185E}.Release|Any CPU.Build.0 = Release|Any CPU
		{07234EAC-B32F-4769-A4C5-83209A858829}.Debug|Any CPU.ActiveCfg = Debug|Any CPU
		{07234EAC-B32F-4769-A4C5-83209A858829}.Debug|Any CPU.Build.0 = Debug|Any CPU
		{07234EAC-B32F-4769-A4C5-83209A858829}.Release|Any CPU.ActiveCfg = Release|Any CPU
		{07234EAC-B32F-4769-A4C5-83209A858829}.Release|Any CPU.Build.0 = Release|Any CPU
		{8EBA64E3-198D-4456-B9BF-D7EF9BD2CBCE}.Debug|Any CPU.ActiveCfg = Debug|Any CPU
		{8EBA64E3-198D-4456-B9BF-D7EF9BD2CBCE}.Debug|Any CPU.Build.0 = Debug|Any CPU
		{8EBA64E3-198D-4456-B9BF-D7EF9BD2CBCE}.Release|Any CPU.ActiveCfg = Release|Any CPU
		{8EBA64E3-198D-4456-B9BF-D7EF9BD2CBCE}.Release|Any CPU.Build.0 = Release|Any CPU
		{003702D8-E922-4539-80D4-15AAB22FF29D}.Debug|Any CPU.ActiveCfg = Debug|Any CPU
		{003702D8-E922-4539-80D4-15AAB22FF29D}.Debug|Any CPU.Build.0 = Debug|Any CPU
		{003702D8-E922-4539-80D4-15AAB22FF29D}.Release|Any CPU.ActiveCfg = Release|Any CPU
		{003702D8-E922-4539-80D4-15AAB22FF29D}.Release|Any CPU.Build.0 = Release|Any CPU
		{5F8C59BB-7BE2-4840-B52A-8B42B06958F3}.Debug|Any CPU.ActiveCfg = Debug|Any CPU
		{5F8C59BB-7BE2-4840-B52A-8B42B06958F3}.Debug|Any CPU.Build.0 = Debug|Any CPU
		{5F8C59BB-7BE2-4840-B52A-8B42B06958F3}.Release|Any CPU.ActiveCfg = Release|Any CPU
		{5F8C59BB-7BE2-4840-B52A-8B42B06958F3}.Release|Any CPU.Build.0 = Release|Any CPU
		{88ADF183-0FFE-4052-8CED-307BBC20E004}.Debug|Any CPU.ActiveCfg = Debug|Any CPU
		{88ADF183-0FFE-4052-8CED-307BBC20E004}.Debug|Any CPU.Build.0 = Debug|Any CPU
		{88ADF183-0FFE-4052-8CED-307BBC20E004}.Release|Any CPU.ActiveCfg = Release|Any CPU
		{88ADF183-0FFE-4052-8CED-307BBC20E004}.Release|Any CPU.Build.0 = Release|Any CPU
		{44212162-EA16-40F4-B8F5-C3C32A03F636}.Debug|Any CPU.ActiveCfg = Debug|Any CPU
		{44212162-EA16-40F4-B8F5-C3C32A03F636}.Debug|Any CPU.Build.0 = Debug|Any CPU
		{44212162-EA16-40F4-B8F5-C3C32A03F636}.Release|Any CPU.ActiveCfg = Release|Any CPU
		{44212162-EA16-40F4-B8F5-C3C32A03F636}.Release|Any CPU.Build.0 = Release|Any CPU
		{AABB87DB-007F-4B3D-AEEC-E41E6F16F620}.Debug|Any CPU.ActiveCfg = Debug|Any CPU
		{AABB87DB-007F-4B3D-AEEC-E41E6F16F620}.Debug|Any CPU.Build.0 = Debug|Any CPU
		{AABB87DB-007F-4B3D-AEEC-E41E6F16F620}.Release|Any CPU.ActiveCfg = Release|Any CPU
		{AABB87DB-007F-4B3D-AEEC-E41E6F16F620}.Release|Any CPU.Build.0 = Release|Any CPU
		{DE4145CB-58B3-4D6C-B7EF-0FE9928E78E4}.Debug|Any CPU.ActiveCfg = Debug|Any CPU
		{DE4145CB-58B3-4D6C-B7EF-0FE9928E78E4}.Debug|Any CPU.Build.0 = Debug|Any CPU
		{DE4145CB-58B3-4D6C-B7EF-0FE9928E78E4}.Release|Any CPU.ActiveCfg = Release|Any CPU
		{DE4145CB-58B3-4D6C-B7EF-0FE9928E78E4}.Release|Any CPU.Build.0 = Release|Any CPU
		{2E275B94-27DF-473D-A916-7F6D54CC06C6}.Debug|Any CPU.ActiveCfg = Debug|Any CPU
		{2E275B94-27DF-473D-A916-7F6D54CC06C6}.Debug|Any CPU.Build.0 = Debug|Any CPU
		{2E275B94-27DF-473D-A916-7F6D54CC06C6}.Release|Any CPU.ActiveCfg = Release|Any CPU
		{2E275B94-27DF-473D-A916-7F6D54CC06C6}.Release|Any CPU.Build.0 = Release|Any CPU
	EndGlobalSection
	GlobalSection(SolutionProperties) = preSolution
		HideSolutionNode = FALSE
	EndGlobalSection
	GlobalSection(NestedProjects) = preSolution
		{54A54978-8002-4746-9F29-501A49D7B831} = {A3966C50-A4D7-4A5E-87DC-E945ABA5E2C1}
		{5BC83959-3FCD-402C-91A6-BA5034450A52} = {A3966C50-A4D7-4A5E-87DC-E945ABA5E2C1}
		{F9FFF514-3BB3-4B42-AAE8-7BA9CF52181B} = {76699626-65F5-4D99-8A32-244DD8CD93FC}
		{6FDEE808-EDA8-4CC2-8418-EA59FAFF9515} = {76699626-65F5-4D99-8A32-244DD8CD93FC}
		{447D1642-53A9-4EEC-B8E5-B7B8ED4EC6A8} = {021C27D4-9135-4C3D-9E0E-DEDB23B91CE2}
		{12050497-8104-4C8B-A166-20206F7ABE18} = {B6DD5CFA-FFC8-4A8D-BE0E-58E767737F28}
		{A685F6A3-C6F2-4CA8-83D7-8604F2B36590} = {B6DD5CFA-FFC8-4A8D-BE0E-58E767737F28}
		{8F5E41CE-9590-4483-BEFE-3292DA7877C0} = {6700A7C1-117E-4A0C-A773-C6B705978B91}
		{43005FAA-5467-408B-9D0B-BB578BB63771} = {6700A7C1-117E-4A0C-A773-C6B705978B91}
		{B197C26C-89D4-4925-93B8-DF1C1DE71F1F} = {87B1EDF6-8FEB-4B3B-9D00-3C17C5F073C9}
		{F43F2039-07E6-43C1-B864-896D12EAA8E9} = {87B1EDF6-8FEB-4B3B-9D00-3C17C5F073C9}
		{22D242EB-8113-49E3-8CC9-03A41E3B185E} = {F43F2039-07E6-43C1-B864-896D12EAA8E9}
		{07234EAC-B32F-4769-A4C5-83209A858829} = {F43F2039-07E6-43C1-B864-896D12EAA8E9}
		{8EBA64E3-198D-4456-B9BF-D7EF9BD2CBCE} = {F43F2039-07E6-43C1-B864-896D12EAA8E9}
		{003702D8-E922-4539-80D4-15AAB22FF29D} = {F43F2039-07E6-43C1-B864-896D12EAA8E9}
		{5F8C59BB-7BE2-4840-B52A-8B42B06958F3} = {F43F2039-07E6-43C1-B864-896D12EAA8E9}
		{88ADF183-0FFE-4052-8CED-307BBC20E004} = {F43F2039-07E6-43C1-B864-896D12EAA8E9}
		{44212162-EA16-40F4-B8F5-C3C32A03F636} = {8E1CAA95-CB0E-4F41-B347-5BC5526CD584}
		{AABB87DB-007F-4B3D-AEEC-E41E6F16F620} = {8E1CAA95-CB0E-4F41-B347-5BC5526CD584}
		{DE4145CB-58B3-4D6C-B7EF-0FE9928E78E4} = {0CB9DA22-E025-4980-957E-43859996B6EA}
		{2E275B94-27DF-473D-A916-7F6D54CC06C6} = {0CB9DA22-E025-4980-957E-43859996B6EA}
	EndGlobalSection
	GlobalSection(ExtensibilityGlobals) = postSolution
		SolutionGuid = {AF22E8AC-C312-49E9-8925-91BC059EC9F1}
	EndGlobalSection
EndGlobal
